
Microsoft Visual Studio Solution File, Format Version 12.00
# Visual Studio 15
VisualStudioVersion = 15.0.28307.960
MinimumVisualStudioVersion = 10.0.40219.1
Project("{FAE04EC0-301F-11D3-BF4B-00C04F79EFBC}") = "LabPreperation", "LabPreperation.csproj", "{A93EBA00-4270-4B00-B0EF-9D9442A6B2F7}"
EndProject
Global
	GlobalSection(SolutionConfigurationPlatforms) = preSolution
		Debug|Any CPU = Debug|Any CPU
		Release|Any CPU = Release|Any CPU
	EndGlobalSection
	GlobalSection(ProjectConfigurationPlatforms) = postSolution
		{A93EBA00-4270-4B00-B0EF-9D9442A6B2F7}.Debug|Any CPU.ActiveCfg = Debug|Any CPU
		{A93EBA00-4270-4B00-B0EF-9D9442A6B2F7}.Debug|Any CPU.Build.0 = Debug|Any CPU
		{A93EBA00-4270-4B00-B0EF-9D9442A6B2F7}.Release|Any CPU.ActiveCfg = Release|Any CPU
		{A93EBA00-4270-4B00-B0EF-9D9442A6B2F7}.Release|Any CPU.Build.0 = Release|Any CPU
	EndGlobalSection
	GlobalSection(SolutionProperties) = preSolution
		HideSolutionNode = FALSE
	EndGlobalSection
	GlobalSection(ExtensibilityGlobals) = postSolution
		SolutionGuid = {B8E8FF73-5FF4-4F54-89A1-7D5149F8C93D}
	EndGlobalSection
EndGlobal
