
Microsoft Visual Studio Solution File, Format Version 12.00
# Visual Studio 15
VisualStudioVersion = 15.0.28307.960
MinimumVisualStudioVersion = 10.0.40219.1
Project("{FAE04EC0-301F-11D3-BF4B-00C04F79EFBC}") = "11062020", "11062020\11062020.csproj", "{E0AADFB3-AF67-48BB-B14D-C9B1C4BF987A}"
EndProject
Global
	GlobalSection(SolutionConfigurationPlatforms) = preSolution
		Debug|Any CPU = Debug|Any CPU
		Release|Any CPU = Release|Any CPU
	EndGlobalSection
	GlobalSection(ProjectConfigurationPlatforms) = postSolution
		{E0AADFB3-AF67-48BB-B14D-C9B1C4BF987A}.Debug|Any CPU.ActiveCfg = Debug|Any CPU
		{E0AADFB3-AF67-48BB-B14D-C9B1C4BF987A}.Debug|Any CPU.Build.0 = Debug|Any CPU
		{E0AADFB3-AF67-48BB-B14D-C9B1C4BF987A}.Release|Any CPU.ActiveCfg = Release|Any CPU
		{E0AADFB3-AF67-48BB-B14D-C9B1C4BF987A}.Release|Any CPU.Build.0 = Release|Any CPU
	EndGlobalSection
	GlobalSection(SolutionProperties) = preSolution
		HideSolutionNode = FALSE
	EndGlobalSection
	GlobalSection(ExtensibilityGlobals) = postSolution
		SolutionGuid = {00B7DFEB-5857-48D1-A412-F567830363AA}
	EndGlobalSection
EndGlobal
