
Microsoft Visual Studio Solution File, Format Version 12.00
# Visual Studio 15
VisualStudioVersion = 15.0.28307.960
MinimumVisualStudioVersion = 10.0.40219.1
Project("{FAE04EC0-301F-11D3-BF4B-00C04F79EFBC}") = "ExcelLab", "ExcelLab.csproj", "{C2458C4E-8F02-4B71-99B7-CE61B9C6C5DC}"
EndProject
Global
	GlobalSection(SolutionConfigurationPlatforms) = preSolution
		Debug|Any CPU = Debug|Any CPU
		Release|Any CPU = Release|Any CPU
	EndGlobalSection
	GlobalSection(ProjectConfigurationPlatforms) = postSolution
		{C2458C4E-8F02-4B71-99B7-CE61B9C6C5DC}.Debug|Any CPU.ActiveCfg = Debug|Any CPU
		{C2458C4E-8F02-4B71-99B7-CE61B9C6C5DC}.Debug|Any CPU.Build.0 = Debug|Any CPU
		{C2458C4E-8F02-4B71-99B7-CE61B9C6C5DC}.Release|Any CPU.ActiveCfg = Release|Any CPU
		{C2458C4E-8F02-4B71-99B7-CE61B9C6C5DC}.Release|Any CPU.Build.0 = Release|Any CPU
	EndGlobalSection
	GlobalSection(SolutionProperties) = preSolution
		HideSolutionNode = FALSE
	EndGlobalSection
	GlobalSection(ExtensibilityGlobals) = postSolution
		SolutionGuid = {29403B18-A130-45A6-A413-CC2EA8229253}
	EndGlobalSection
EndGlobal
